
Microsoft Visual Studio Solution File, Format Version 12.00
# Visual Studio 14
VisualStudioVersion = 14.0.25123.0
MinimumVisualStudioVersion = 10.0.40219.1
Project("{FAE04EC0-301F-11D3-BF4B-00C04F79EFBC}") = "CarRental.Business.Entities", "SOA.Business.Entities\CarRental.Business.Entities.csproj", "{AB94EF71-93DE-4107-98E6-2A0B17E2E5BB}"
EndProject
Project("{FAE04EC0-301F-11D3-BF4B-00C04F79EFBC}") = "CarRental.Client.Entities", "SOA.Client.Entities\CarRental.Client.Entities.csproj", "{05823604-75C4-41A6-BE81-7C7D64E252D2}"
EndProject
Project("{2150E333-8FDC-42A3-9474-1A3956D46DE8}") = "Business", "Business", "{08C90880-9BC0-49B0-9183-85F2BE0E1545}"
EndProject
Project("{2150E333-8FDC-42A3-9474-1A3956D46DE8}") = "Client", "Client", "{8FA62929-08A2-4080-BBC3-A64E2A8CAA0E}"
EndProject
Project("{FAE04EC0-301F-11D3-BF4B-00C04F79EFBC}") = "Core.Common", "Core.Common\Core.Common.csproj", "{8D8D95A3-0CDE-4D48-8EE8-21830B89D2BA}"
EndProject
Project("{FAE04EC0-301F-11D3-BF4B-00C04F79EFBC}") = "Core.Common.Contracts", "Core.Common.Contract\Core.Common.Contracts.csproj", "{FB984039-658F-48E8-BC4E-5971F276B091}"
EndProject
Project("{2150E333-8FDC-42A3-9474-1A3956D46DE8}") = "Core", "Core", "{CF144452-145A-4F41-ACF1-FE33FBCFD0D1}"
EndProject
Project("{FAE04EC0-301F-11D3-BF4B-00C04F79EFBC}") = "Core.Common.Tets", "Core.Common.Tets\Core.Common.Tets.csproj", "{134703E2-3B70-4C51-9448-E1583EA78AFE}"
EndProject
Project("{2150E333-8FDC-42A3-9474-1A3956D46DE8}") = "Tests", "Tests", "{512B55D1-735F-479B-A677-FDF346BDC88D}"
EndProject
Project("{FAE04EC0-301F-11D3-BF4B-00C04F79EFBC}") = "CarRental.Data", "CarRental.Data\CarRental.Data.csproj", "{B0A94A51-3ED5-425E-A2C3-705E625E8A76}"
EndProject
Project("{FAE04EC0-301F-11D3-BF4B-00C04F79EFBC}") = "CarRental.Data.Contracts", "CarRental.Data.Contracts\CarRental.Data.Contracts.csproj", "{85C0BA94-770B-454D-88F8-31512F1AB9CA}"
EndProject
Project("{FAE04EC0-301F-11D3-BF4B-00C04F79EFBC}") = "CarRental.Data.Tests", "CarRental.Data.Tests\CarRental.Data.Tests.csproj", "{AB61D8BA-2982-4A60-87EF-BCFAA17B1C87}"
EndProject
Project("{FAE04EC0-301F-11D3-BF4B-00C04F79EFBC}") = "CarRental.Business.Bootstrapper", "CarRental.Business.Bootstrapper\CarRental.Business.Bootstrapper.csproj", "{9906AEE8-EC9B-4641-9A94-BD6582EC778E}"
EndProject
Project("{2150E333-8FDC-42A3-9474-1A3956D46DE8}") = "Resource", "Resource", "{087EC4E3-61CA-4B4B-95A3-7ED7A477FF2E}"
EndProject
Project("{FAE04EC0-301F-11D3-BF4B-00C04F79EFBC}") = "CarRental.Business.Contracts", "CarRental.Business.Contracts\CarRental.Business.Contracts.csproj", "{A272EFFD-F5A6-44D1-830F-CA334BCB0732}"
EndProject
Project("{FAE04EC0-301F-11D3-BF4B-00C04F79EFBC}") = "CarRental.Business.Managers", "CarRental.Business.Managers\CarRental.Business.Managers.csproj", "{8F9DC740-21B1-42F9-8B25-663D2E07F147}"
EndProject
Project("{FAE04EC0-301F-11D3-BF4B-00C04F79EFBC}") = "CarRental.Business.Managers.Tests", "CarRental.Business.Managers.Tests\CarRental.Business.Managers.Tests.csproj", "{57BA9714-12F2-4F86-A783-71E3C4A92D5C}"
EndProject
Project("{FAE04EC0-301F-11D3-BF4B-00C04F79EFBC}") = "CarRental.Business", "CarRental.Business\CarRental.Business.csproj", "{2B7A6371-34CB-48B1-94AB-9DC4106F9FDB}"
EndProject
Project("{FAE04EC0-301F-11D3-BF4B-00C04F79EFBC}") = "CarRental.Business.Common", "CarRental.Business.Common\CarRental.Business.Common.csproj", "{4B3191A5-EDA2-4285-B4A2-E995C9C23846}"
EndProject
Project("{FAE04EC0-301F-11D3-BF4B-00C04F79EFBC}") = "CarRental.Common", "CarRental.Common\CarRental.Common.csproj", "{ED70A811-2084-414A-A31F-3BDAD5B4D958}"
EndProject
Project("{FAE04EC0-301F-11D3-BF4B-00C04F79EFBC}") = "Core.Common.ServiceModel", "Core.Common.ServiceModel\Core.Common.ServiceModel.csproj", "{2E78B4A4-B6C1-472B-BBC7-501918BD30F0}"
EndProject
Project("{FAE04EC0-301F-11D3-BF4B-00C04F79EFBC}") = "CarRental.Business.Tests", "CarRental.Business.Tests\CarRental.Business.Tests.csproj", "{DA429387-9FD6-4989-87C5-4DDDD155FE31}"
EndProject
Project("{2150E333-8FDC-42A3-9474-1A3956D46DE8}") = "Hosting", "Hosting", "{BD24BC01-80CA-4E4D-A996-3259D1C97886}"
EndProject
Project("{FAE04EC0-301F-11D3-BF4B-00C04F79EFBC}") = "CarRental.ServiceHost.Console", "CarRental.ServiceHost.Console\CarRental.ServiceHost.Console.csproj", "{FF5AFCB6-9971-44BE-8651-A04FCB6B6B3E}"
EndProject
Project("{FAE04EC0-301F-11D3-BF4B-00C04F79EFBC}") = "CarRental.ServiceHost.Tests", "CarRental.ServiceHost.Tests\CarRental.ServiceHost.Tests.csproj", "{BFA63EDB-2D0B-4C6A-AC19-B9564CED7FDD}"
EndProject
Project("{FAE04EC0-301F-11D3-BF4B-00C04F79EFBC}") = "CarRental.Client.Contracts", "CarRental.Client.Contracts\CarRental.Client.Contracts.csproj", "{CF08CF13-F496-4078-9E5F-E94C93705103}"
EndProject
Project("{FAE04EC0-301F-11D3-BF4B-00C04F79EFBC}") = "CarRental.Client.Proxies", "CarRental.Client.Proxies\CarRental.Client.Proxies.csproj", "{544A1A29-94E5-4C17-BBC2-B031BC19DD1E}"
EndProject
Global
	GlobalSection(SolutionConfigurationPlatforms) = preSolution
		Debug|Any CPU = Debug|Any CPU
		Release|Any CPU = Release|Any CPU
	EndGlobalSection
	GlobalSection(ProjectConfigurationPlatforms) = postSolution
		{AB94EF71-93DE-4107-98E6-2A0B17E2E5BB}.Debug|Any CPU.ActiveCfg = Debug|Any CPU
		{AB94EF71-93DE-4107-98E6-2A0B17E2E5BB}.Debug|Any CPU.Build.0 = Debug|Any CPU
		{AB94EF71-93DE-4107-98E6-2A0B17E2E5BB}.Release|Any CPU.ActiveCfg = Release|Any CPU
		{AB94EF71-93DE-4107-98E6-2A0B17E2E5BB}.Release|Any CPU.Build.0 = Release|Any CPU
		{05823604-75C4-41A6-BE81-7C7D64E252D2}.Debug|Any CPU.ActiveCfg = Debug|Any CPU
		{05823604-75C4-41A6-BE81-7C7D64E252D2}.Debug|Any CPU.Build.0 = Debug|Any CPU
		{05823604-75C4-41A6-BE81-7C7D64E252D2}.Release|Any CPU.ActiveCfg = Release|Any CPU
		{05823604-75C4-41A6-BE81-7C7D64E252D2}.Release|Any CPU.Build.0 = Release|Any CPU
		{8D8D95A3-0CDE-4D48-8EE8-21830B89D2BA}.Debug|Any CPU.ActiveCfg = Debug|Any CPU
		{8D8D95A3-0CDE-4D48-8EE8-21830B89D2BA}.Debug|Any CPU.Build.0 = Debug|Any CPU
		{8D8D95A3-0CDE-4D48-8EE8-21830B89D2BA}.Release|Any CPU.ActiveCfg = Release|Any CPU
		{8D8D95A3-0CDE-4D48-8EE8-21830B89D2BA}.Release|Any CPU.Build.0 = Release|Any CPU
		{FB984039-658F-48E8-BC4E-5971F276B091}.Debug|Any CPU.ActiveCfg = Debug|Any CPU
		{FB984039-658F-48E8-BC4E-5971F276B091}.Debug|Any CPU.Build.0 = Debug|Any CPU
		{FB984039-658F-48E8-BC4E-5971F276B091}.Release|Any CPU.ActiveCfg = Release|Any CPU
		{FB984039-658F-48E8-BC4E-5971F276B091}.Release|Any CPU.Build.0 = Release|Any CPU
		{134703E2-3B70-4C51-9448-E1583EA78AFE}.Debug|Any CPU.ActiveCfg = Debug|Any CPU
		{134703E2-3B70-4C51-9448-E1583EA78AFE}.Debug|Any CPU.Build.0 = Debug|Any CPU
		{134703E2-3B70-4C51-9448-E1583EA78AFE}.Release|Any CPU.ActiveCfg = Release|Any CPU
		{134703E2-3B70-4C51-9448-E1583EA78AFE}.Release|Any CPU.Build.0 = Release|Any CPU
		{B0A94A51-3ED5-425E-A2C3-705E625E8A76}.Debug|Any CPU.ActiveCfg = Debug|Any CPU
		{B0A94A51-3ED5-425E-A2C3-705E625E8A76}.Debug|Any CPU.Build.0 = Debug|Any CPU
		{B0A94A51-3ED5-425E-A2C3-705E625E8A76}.Release|Any CPU.ActiveCfg = Release|Any CPU
		{B0A94A51-3ED5-425E-A2C3-705E625E8A76}.Release|Any CPU.Build.0 = Release|Any CPU
		{85C0BA94-770B-454D-88F8-31512F1AB9CA}.Debug|Any CPU.ActiveCfg = Debug|Any CPU
		{85C0BA94-770B-454D-88F8-31512F1AB9CA}.Debug|Any CPU.Build.0 = Debug|Any CPU
		{85C0BA94-770B-454D-88F8-31512F1AB9CA}.Release|Any CPU.ActiveCfg = Release|Any CPU
		{85C0BA94-770B-454D-88F8-31512F1AB9CA}.Release|Any CPU.Build.0 = Release|Any CPU
		{AB61D8BA-2982-4A60-87EF-BCFAA17B1C87}.Debug|Any CPU.ActiveCfg = Debug|Any CPU
		{AB61D8BA-2982-4A60-87EF-BCFAA17B1C87}.Debug|Any CPU.Build.0 = Debug|Any CPU
		{AB61D8BA-2982-4A60-87EF-BCFAA17B1C87}.Release|Any CPU.ActiveCfg = Release|Any CPU
		{AB61D8BA-2982-4A60-87EF-BCFAA17B1C87}.Release|Any CPU.Build.0 = Release|Any CPU
		{9906AEE8-EC9B-4641-9A94-BD6582EC778E}.Debug|Any CPU.ActiveCfg = Debug|Any CPU
		{9906AEE8-EC9B-4641-9A94-BD6582EC778E}.Debug|Any CPU.Build.0 = Debug|Any CPU
		{9906AEE8-EC9B-4641-9A94-BD6582EC778E}.Release|Any CPU.ActiveCfg = Release|Any CPU
		{9906AEE8-EC9B-4641-9A94-BD6582EC778E}.Release|Any CPU.Build.0 = Release|Any CPU
		{A272EFFD-F5A6-44D1-830F-CA334BCB0732}.Debug|Any CPU.ActiveCfg = Debug|Any CPU
		{A272EFFD-F5A6-44D1-830F-CA334BCB0732}.Debug|Any CPU.Build.0 = Debug|Any CPU
		{A272EFFD-F5A6-44D1-830F-CA334BCB0732}.Release|Any CPU.ActiveCfg = Release|Any CPU
		{A272EFFD-F5A6-44D1-830F-CA334BCB0732}.Release|Any CPU.Build.0 = Release|Any CPU
		{8F9DC740-21B1-42F9-8B25-663D2E07F147}.Debug|Any CPU.ActiveCfg = Debug|Any CPU
		{8F9DC740-21B1-42F9-8B25-663D2E07F147}.Debug|Any CPU.Build.0 = Debug|Any CPU
		{8F9DC740-21B1-42F9-8B25-663D2E07F147}.Release|Any CPU.ActiveCfg = Release|Any CPU
		{8F9DC740-21B1-42F9-8B25-663D2E07F147}.Release|Any CPU.Build.0 = Release|Any CPU
		{57BA9714-12F2-4F86-A783-71E3C4A92D5C}.Debug|Any CPU.ActiveCfg = Debug|Any CPU
		{57BA9714-12F2-4F86-A783-71E3C4A92D5C}.Debug|Any CPU.Build.0 = Debug|Any CPU
		{57BA9714-12F2-4F86-A783-71E3C4A92D5C}.Release|Any CPU.ActiveCfg = Release|Any CPU
		{57BA9714-12F2-4F86-A783-71E3C4A92D5C}.Release|Any CPU.Build.0 = Release|Any CPU
		{2B7A6371-34CB-48B1-94AB-9DC4106F9FDB}.Debug|Any CPU.ActiveCfg = Debug|Any CPU
		{2B7A6371-34CB-48B1-94AB-9DC4106F9FDB}.Debug|Any CPU.Build.0 = Debug|Any CPU
		{2B7A6371-34CB-48B1-94AB-9DC4106F9FDB}.Release|Any CPU.ActiveCfg = Release|Any CPU
		{2B7A6371-34CB-48B1-94AB-9DC4106F9FDB}.Release|Any CPU.Build.0 = Release|Any CPU
		{4B3191A5-EDA2-4285-B4A2-E995C9C23846}.Debug|Any CPU.ActiveCfg = Debug|Any CPU
		{4B3191A5-EDA2-4285-B4A2-E995C9C23846}.Debug|Any CPU.Build.0 = Debug|Any CPU
		{4B3191A5-EDA2-4285-B4A2-E995C9C23846}.Release|Any CPU.ActiveCfg = Release|Any CPU
		{4B3191A5-EDA2-4285-B4A2-E995C9C23846}.Release|Any CPU.Build.0 = Release|Any CPU
		{ED70A811-2084-414A-A31F-3BDAD5B4D958}.Debug|Any CPU.ActiveCfg = Debug|Any CPU
		{ED70A811-2084-414A-A31F-3BDAD5B4D958}.Debug|Any CPU.Build.0 = Debug|Any CPU
		{ED70A811-2084-414A-A31F-3BDAD5B4D958}.Release|Any CPU.ActiveCfg = Release|Any CPU
		{ED70A811-2084-414A-A31F-3BDAD5B4D958}.Release|Any CPU.Build.0 = Release|Any CPU
		{2E78B4A4-B6C1-472B-BBC7-501918BD30F0}.Debug|Any CPU.ActiveCfg = Debug|Any CPU
		{2E78B4A4-B6C1-472B-BBC7-501918BD30F0}.Debug|Any CPU.Build.0 = Debug|Any CPU
		{2E78B4A4-B6C1-472B-BBC7-501918BD30F0}.Release|Any CPU.ActiveCfg = Release|Any CPU
		{2E78B4A4-B6C1-472B-BBC7-501918BD30F0}.Release|Any CPU.Build.0 = Release|Any CPU
		{DA429387-9FD6-4989-87C5-4DDDD155FE31}.Debug|Any CPU.ActiveCfg = Debug|Any CPU
		{DA429387-9FD6-4989-87C5-4DDDD155FE31}.Debug|Any CPU.Build.0 = Debug|Any CPU
		{DA429387-9FD6-4989-87C5-4DDDD155FE31}.Release|Any CPU.ActiveCfg = Release|Any CPU
		{DA429387-9FD6-4989-87C5-4DDDD155FE31}.Release|Any CPU.Build.0 = Release|Any CPU
		{FF5AFCB6-9971-44BE-8651-A04FCB6B6B3E}.Debug|Any CPU.ActiveCfg = Debug|Any CPU
		{FF5AFCB6-9971-44BE-8651-A04FCB6B6B3E}.Debug|Any CPU.Build.0 = Debug|Any CPU
		{FF5AFCB6-9971-44BE-8651-A04FCB6B6B3E}.Release|Any CPU.ActiveCfg = Release|Any CPU
		{FF5AFCB6-9971-44BE-8651-A04FCB6B6B3E}.Release|Any CPU.Build.0 = Release|Any CPU
		{BFA63EDB-2D0B-4C6A-AC19-B9564CED7FDD}.Debug|Any CPU.ActiveCfg = Debug|Any CPU
		{BFA63EDB-2D0B-4C6A-AC19-B9564CED7FDD}.Debug|Any CPU.Build.0 = Debug|Any CPU
		{BFA63EDB-2D0B-4C6A-AC19-B9564CED7FDD}.Release|Any CPU.ActiveCfg = Release|Any CPU
		{BFA63EDB-2D0B-4C6A-AC19-B9564CED7FDD}.Release|Any CPU.Build.0 = Release|Any CPU
		{CF08CF13-F496-4078-9E5F-E94C93705103}.Debug|Any CPU.ActiveCfg = Debug|Any CPU
		{CF08CF13-F496-4078-9E5F-E94C93705103}.Debug|Any CPU.Build.0 = Debug|Any CPU
		{CF08CF13-F496-4078-9E5F-E94C93705103}.Release|Any CPU.ActiveCfg = Release|Any CPU
		{CF08CF13-F496-4078-9E5F-E94C93705103}.Release|Any CPU.Build.0 = Release|Any CPU
		{544A1A29-94E5-4C17-BBC2-B031BC19DD1E}.Debug|Any CPU.ActiveCfg = Debug|Any CPU
		{544A1A29-94E5-4C17-BBC2-B031BC19DD1E}.Debug|Any CPU.Build.0 = Debug|Any CPU
		{544A1A29-94E5-4C17-BBC2-B031BC19DD1E}.Release|Any CPU.ActiveCfg = Release|Any CPU
		{544A1A29-94E5-4C17-BBC2-B031BC19DD1E}.Release|Any CPU.Build.0 = Release|Any CPU
	EndGlobalSection
	GlobalSection(SolutionProperties) = preSolution
		HideSolutionNode = FALSE
	EndGlobalSection
	GlobalSection(NestedProjects) = preSolution
		{AB94EF71-93DE-4107-98E6-2A0B17E2E5BB} = {08C90880-9BC0-49B0-9183-85F2BE0E1545}
		{05823604-75C4-41A6-BE81-7C7D64E252D2} = {8FA62929-08A2-4080-BBC3-A64E2A8CAA0E}
		{8D8D95A3-0CDE-4D48-8EE8-21830B89D2BA} = {CF144452-145A-4F41-ACF1-FE33FBCFD0D1}
		{FB984039-658F-48E8-BC4E-5971F276B091} = {CF144452-145A-4F41-ACF1-FE33FBCFD0D1}
		{134703E2-3B70-4C51-9448-E1583EA78AFE} = {512B55D1-735F-479B-A677-FDF346BDC88D}
		{AB61D8BA-2982-4A60-87EF-BCFAA17B1C87} = {512B55D1-735F-479B-A677-FDF346BDC88D}
		{9906AEE8-EC9B-4641-9A94-BD6582EC778E} = {08C90880-9BC0-49B0-9183-85F2BE0E1545}
		{A272EFFD-F5A6-44D1-830F-CA334BCB0732} = {08C90880-9BC0-49B0-9183-85F2BE0E1545}
		{8F9DC740-21B1-42F9-8B25-663D2E07F147} = {08C90880-9BC0-49B0-9183-85F2BE0E1545}
		{57BA9714-12F2-4F86-A783-71E3C4A92D5C} = {512B55D1-735F-479B-A677-FDF346BDC88D}
		{2B7A6371-34CB-48B1-94AB-9DC4106F9FDB} = {08C90880-9BC0-49B0-9183-85F2BE0E1545}
		{4B3191A5-EDA2-4285-B4A2-E995C9C23846} = {08C90880-9BC0-49B0-9183-85F2BE0E1545}
		{2E78B4A4-B6C1-472B-BBC7-501918BD30F0} = {CF144452-145A-4F41-ACF1-FE33FBCFD0D1}
		{DA429387-9FD6-4989-87C5-4DDDD155FE31} = {512B55D1-735F-479B-A677-FDF346BDC88D}
		{FF5AFCB6-9971-44BE-8651-A04FCB6B6B3E} = {BD24BC01-80CA-4E4D-A996-3259D1C97886}
		{BFA63EDB-2D0B-4C6A-AC19-B9564CED7FDD} = {512B55D1-735F-479B-A677-FDF346BDC88D}
		{CF08CF13-F496-4078-9E5F-E94C93705103} = {8FA62929-08A2-4080-BBC3-A64E2A8CAA0E}
		{544A1A29-94E5-4C17-BBC2-B031BC19DD1E} = {8FA62929-08A2-4080-BBC3-A64E2A8CAA0E}
	EndGlobalSection
EndGlobal
